{
  "name": "test-vue-json-excel",
  "version": "1.0.0",
  "lockfileVersion": 1,
  "requires": true,
  "dependencies": {
    "downloadjs": {
      "version": "1.4.7",
      "resolved": "https://registry.npmjs.org/downloadjs/-/downloadjs-1.4.7.tgz",
      "integrity": "sha1-9p+W+UDg0FU9rCkROYZaPNAQHjw="
    },
    "vue": {
      "version": "2.5.16",
      "resolved": "https://registry.npmjs.org/vue/-/vue-2.5.16.tgz",
      "integrity": "sha512-/ffmsiVuPC8PsWcFkZngdpas19ABm5mh2wA7iDqcltyCTwlgZjHGeJYOXkBMo422iPwIcviOtrTCUpSfXmToLQ=="
    },
    "vue-json-excel": {
      "version": "0.2.82",
      "resolved": "https://registry.npmjs.org/vue-json-excel/-/vue-json-excel-0.2.82.tgz",
      "integrity": "sha1-VhNRIoaf9F2z99aqmxOhJn2RnP8=",
      "requires": {
        "downloadjs": "^1.4.7"
      }
    }
  }
}
